
Microsoft Visual Studio Solution File, Format Version 12.00
# Visual Studio Version 17
VisualStudioVersion = 17.9.34723.18
MinimumVisualStudioVersion = 10.0.40219.1
Project("{9A19103F-16F7-4668-BE54-9A1E7A4F7556}") = "01_Tutorial", "01_Tutorial\01_Tutorial.csproj", "{C79190BF-05BE-434E-A229-D19D17C2C873}"
EndProject
Project("{FAE04EC0-301F-11D3-BF4B-00C04F79EFBC}") = "02_RazorHtml_tutorial", "02_RazorHtml_tutorial\02_RazorHtml_tutorial.csproj", "{6FAFA103-93F9-41EC-994A-808CFD759D5B}"
EndProject
Global
	GlobalSection(SolutionConfigurationPlatforms) = preSolution
		Debug|Any CPU = Debug|Any CPU
		Release|Any CPU = Release|Any CPU
	EndGlobalSection
	GlobalSection(ProjectConfigurationPlatforms) = postSolution
		{C79190BF-05BE-434E-A229-D19D17C2C873}.Debug|Any CPU.ActiveCfg = Debug|Any CPU
		{C79190BF-05BE-434E-A229-D19D17C2C873}.Debug|Any CPU.Build.0 = Debug|Any CPU
		{C79190BF-05BE-434E-A229-D19D17C2C873}.Release|Any CPU.ActiveCfg = Release|Any CPU
		{C79190BF-05BE-434E-A229-D19D17C2C873}.Release|Any CPU.Build.0 = Release|Any CPU
		{6FAFA103-93F9-41EC-994A-808CFD759D5B}.Debug|Any CPU.ActiveCfg = Debug|Any CPU
		{6FAFA103-93F9-41EC-994A-808CFD759D5B}.Debug|Any CPU.Build.0 = Debug|Any CPU
		{6FAFA103-93F9-41EC-994A-808CFD759D5B}.Release|Any CPU.ActiveCfg = Release|Any CPU
		{6FAFA103-93F9-41EC-994A-808CFD759D5B}.Release|Any CPU.Build.0 = Release|Any CPU
	EndGlobalSection
	GlobalSection(SolutionProperties) = preSolution
		HideSolutionNode = FALSE
	EndGlobalSection
	GlobalSection(ExtensibilityGlobals) = postSolution
		SolutionGuid = {871B6B66-6763-43C9-BFFD-881DCCB23DE6}
	EndGlobalSection
EndGlobal
